
Microsoft Visual Studio Solution File, Format Version 12.00
# Visual Studio Version 17
VisualStudioVersion = 17.11.35327.3
MinimumVisualStudioVersion = 10.0.40219.1
Project("{FAE04EC0-301F-11D3-BF4B-00C04F79EFBC}") = "WF", "WF\WF.csproj", "{C204F1CD-F231-4297-9C0B-E994205D716F}"
EndProject
Global
	GlobalSection(SolutionConfigurationPlatforms) = preSolution
		Debug|Any CPU = Debug|Any CPU
		Release|Any CPU = Release|Any CPU
	EndGlobalSection
	GlobalSection(ProjectConfigurationPlatforms) = postSolution
		{C204F1CD-F231-4297-9C0B-E994205D716F}.Debug|Any CPU.ActiveCfg = Debug|Any CPU
		{C204F1CD-F231-4297-9C0B-E994205D716F}.Debug|Any CPU.Build.0 = Debug|Any CPU
		{C204F1CD-F231-4297-9C0B-E994205D716F}.Release|Any CPU.ActiveCfg = Release|Any CPU
		{C204F1CD-F231-4297-9C0B-E994205D716F}.Release|Any CPU.Build.0 = Release|Any CPU
	EndGlobalSection
	GlobalSection(SolutionProperties) = preSolution
		HideSolutionNode = FALSE
	EndGlobalSection
	GlobalSection(ExtensibilityGlobals) = postSolution
		SolutionGuid = {6DA38E63-1551-46CD-9EED-A986216FD2A0}
	EndGlobalSection
EndGlobal
